
Microsoft Visual Studio Solution File, Format Version 12.00
# Visual Studio Version 17
VisualStudioVersion = 17.4.33122.133
MinimumVisualStudioVersion = 10.0.40219.1
Project("{FAE04EC0-301F-11D3-BF4B-00C04F79EFBC}") = "AwesomeDevEvents.API", "AwesomeDevEvents.API\AwesomeDevEvents.API.csproj", "{FC3AFFF4-8DCD-4912-A629-1F3B4AE7DE98}"
EndProject
Global
	GlobalSection(SolutionConfigurationPlatforms) = preSolution
		Debug|Any CPU = Debug|Any CPU
		Release|Any CPU = Release|Any CPU
	EndGlobalSection
	GlobalSection(ProjectConfigurationPlatforms) = postSolution
		{FC3AFFF4-8DCD-4912-A629-1F3B4AE7DE98}.Debug|Any CPU.ActiveCfg = Debug|Any CPU
		{FC3AFFF4-8DCD-4912-A629-1F3B4AE7DE98}.Debug|Any CPU.Build.0 = Debug|Any CPU
		{FC3AFFF4-8DCD-4912-A629-1F3B4AE7DE98}.Release|Any CPU.ActiveCfg = Release|Any CPU
		{FC3AFFF4-8DCD-4912-A629-1F3B4AE7DE98}.Release|Any CPU.Build.0 = Release|Any CPU
	EndGlobalSection
	GlobalSection(SolutionProperties) = preSolution
		HideSolutionNode = FALSE
	EndGlobalSection
	GlobalSection(ExtensibilityGlobals) = postSolution
		SolutionGuid = {438EDD3A-0691-45DD-9E8C-6EE12F73C74B}
	EndGlobalSection
EndGlobal
